
Microsoft Visual Studio Solution File, Format Version 12.00
# Visual Studio Version 16
VisualStudioVersion = 16.0.810.25
MinimumVisualStudioVersion = 10.0.40219.1
Project("{FAE04EC0-301F-11D3-BF4B-00C04F79EFBC}") = "ScratchCard", "ScratchCard.csproj", "{9994C36F-07D4-4002-BB06-10EB6FC0EA8C}"
EndProject
Global
	GlobalSection(SolutionConfigurationPlatforms) = preSolution
		Debug|anycpu = Debug|anycpu
		Release|anycpu = Release|anycpu
	EndGlobalSection
	GlobalSection(ProjectConfigurationPlatforms) = postSolution
		{9994C36F-07D4-4002-BB06-10EB6FC0EA8C}.Debug|anycpu.ActiveCfg = Debug|anycpu
		{9994C36F-07D4-4002-BB06-10EB6FC0EA8C}.Debug|anycpu.Build.0 = Debug|anycpu
		{9994C36F-07D4-4002-BB06-10EB6FC0EA8C}.Release|anycpu.ActiveCfg = Release|anycpu
		{9994C36F-07D4-4002-BB06-10EB6FC0EA8C}.Release|anycpu.Build.0 = Release|anycpu
	EndGlobalSection
	GlobalSection(SolutionProperties) = preSolution
		HideSolutionNode = FALSE
	EndGlobalSection
	GlobalSection(ExtensibilityGlobals) = postSolution
		SolutionGuid = {EF4F4F81-B698-4E72-8FC3-36B5BBA62B8F}
	EndGlobalSection
EndGlobal
